{
  "nodes": {
    "ez-configs": {
      "inputs": {
        "flake-parts": [
          "parts"
        ],
        "nixpkgs": [
          "nixpkgs"
        ]
      },
      "locked": {
        "lastModified": 1706611666,
        "narHash": "sha256-N+SyoAEqf3QIXMYZ81kuxrOP6b0692M+hbGLHU9wf1I=",
        "owner": "ehllie",
        "repo": "ez-configs",
        "rev": "84c60a73eba0b5405943580d52b1581de5b1ee7c",
        "type": "github"
      },
      "original": {
        "owner": "ehllie",
        "repo": "ez-configs",
        "type": "github"
      }
    },
    "flake-compat": {
      "flake": false,
      "locked": {
        "lastModified": 1673956053,
        "narHash": "sha256-4gtG9iQuiKITOjNQQeQIpoIB6b16fm+504Ch3sNKLd8=",
        "owner": "edolstra",
        "repo": "flake-compat",
        "rev": "35bb57c0c8d8b62bbfd284272c928ceb64ddbde9",
        "type": "github"
      },
      "original": {
        "owner": "edolstra",
        "repo": "flake-compat",
        "type": "github"
      }
    },
    "flake-utils": {
      "inputs": {
        "systems": "systems"
      },
      "locked": {
        "lastModified": 1681202837,
        "narHash": "sha256-H+Rh19JDwRtpVPAWp64F+rlEtxUWBAQW28eAi3SRSzg=",
        "owner": "numtide",
        "repo": "flake-utils",
        "rev": "cfacdce06f30d2b68473a46042957675eebb3401",
        "type": "github"
      },
      "original": {
        "owner": "numtide",
        "repo": "flake-utils",
        "type": "github"
      }
    },
    "nix-minecraft": {
      "inputs": {
        "flake-compat": "flake-compat",
        "flake-utils": "flake-utils",
        "nixpkgs": [
          "nixpkgs"
        ]
      },
      "locked": {
        "lastModified": 1720488439,
        "narHash": "sha256-f7XceI6R4XtSdD/NIagmkr82t7z/kGpmlsUC+LlT5+w=",
        "owner": "Infinidoge",
        "repo": "nix-minecraft",
        "rev": "e2524687892f2692db62747d034b65f4b5ae2060",
        "type": "github"
      },
      "original": {
        "owner": "Infinidoge",
        "repo": "nix-minecraft",
        "type": "github"
      }
    },
    "nixpkgs": {
      "locked": {
        "lastModified": 1719957072,
        "narHash": "sha256-gvFhEf5nszouwLAkT9nWsDzocUTqLWHuL++dvNjMp9I=",
        "owner": "NixOS",
        "repo": "nixpkgs",
        "rev": "7144d6241f02d171d25fba3edeaf15e0f2592105",
        "type": "github"
      },
      "original": {
        "owner": "NixOS",
        "ref": "nixos-23.11",
        "repo": "nixpkgs",
        "type": "github"
      }
    },
    "parts": {
      "inputs": {
        "nixpkgs-lib": [
          "nixpkgs"
        ]
      },
      "locked": {
        "lastModified": 1719994518,
        "narHash": "sha256-pQMhCCHyQGRzdfAkdJ4cIWiw+JNuWsTX7f0ZYSyz0VY=",
        "owner": "hercules-ci",
        "repo": "flake-parts",
        "rev": "9227223f6d922fee3c7b190b2cc238a99527bbb7",
        "type": "github"
      },
      "original": {
        "owner": "hercules-ci",
        "repo": "flake-parts",
        "type": "github"
      }
    },
    "root": {
      "inputs": {
        "ez-configs": "ez-configs",
        "nix-minecraft": "nix-minecraft",
        "nixpkgs": "nixpkgs",
        "parts": "parts"
      }
    },
    "systems": {
      "locked": {
        "lastModified": 1681028828,
        "narHash": "sha256-Vy1rq5AaRuLzOxct8nz4T6wlgyUR7zLU309k9mBC768=",
        "owner": "nix-systems",
        "repo": "default",
        "rev": "da67096a3b9bf56a91d16901293e51ba5b49a27e",
        "type": "github"
      },
      "original": {
        "owner": "nix-systems",
        "repo": "default",
        "type": "github"
      }
    }
  },
  "root": "root",
  "version": 7
}
